Microsoft Visual Studio Solution File, Format Version 12.00
# Visual Studio Version 17
VisualStudioVersion = 17.5.2.0
MinimumVisualStudioVersion = 10.0.40219.1
Project("{FAE04EC0-301F-11D3-BF4B-00C04F79EFBC}") = "PushPelmesh.Api", "PushPelmesh.Api\PushPelmesh.Api.csproj", "{B78B406D-5285-1AA3-CD25-229FAE29F26E}"
EndProject
Global
	GlobalSection(SolutionConfigurationPlatforms) = preSolution
		Debug|Any CPU = Debug|Any CPU
		Release|Any CPU = Release|Any CPU
	EndGlobalSection
	GlobalSection(ProjectConfigurationPlatforms) = postSolution
		{B78B406D-5285-1AA3-CD25-229FAE29F26E}.Debug|Any CPU.ActiveCfg = Debug|Any CPU
		{B78B406D-5285-1AA3-CD25-229FAE29F26E}.Debug|Any CPU.Build.0 = Debug|Any CPU
		{B78B406D-5285-1AA3-CD25-229FAE29F26E}.Release|Any CPU.ActiveCfg = Release|Any CPU
		{B78B406D-5285-1AA3-CD25-229FAE29F26E}.Release|Any CPU.Build.0 = Release|Any CPU
	EndGlobalSection
	GlobalSection(SolutionProperties) = preSolution
		HideSolutionNode = FALSE
	EndGlobalSection
	GlobalSection(ExtensibilityGlobals) = postSolution
		SolutionGuid = {730083B6-AB44-48C1-83A5-45EE8F91F2B2}
	EndGlobalSection
EndGlobal
